
Microsoft Visual Studio Solution File, Format Version 12.00
# Visual Studio 15
VisualStudioVersion = 15.0.28010.2046
MinimumVisualStudioVersion = 10.0.40219.1
Project("{DA7A21FA-8162-4350-AD77-A8D1B671F3ED}") = "RTutorial", "RTutorial\RTutorial.rxproj", "{21DF8B6E-57A4-4097-AD4F-9A4C1CDDC304}"
EndProject
Global
	GlobalSection(SolutionConfigurationPlatforms) = preSolution
		Debug|Any CPU = Debug|Any CPU
		Release|Any CPU = Release|Any CPU
	EndGlobalSection
	GlobalSection(ProjectConfigurationPlatforms) = postSolution
		{21DF8B6E-57A4-4097-AD4F-9A4C1CDDC304}.Debug|Any CPU.ActiveCfg = Debug|Any CPU
		{21DF8B6E-57A4-4097-AD4F-9A4C1CDDC304}.Debug|Any CPU.Build.0 = Debug|Any CPU
		{21DF8B6E-57A4-4097-AD4F-9A4C1CDDC304}.Release|Any CPU.ActiveCfg = Release|Any CPU
		{21DF8B6E-57A4-4097-AD4F-9A4C1CDDC304}.Release|Any CPU.Build.0 = Release|Any CPU
	EndGlobalSection
	GlobalSection(SolutionProperties) = preSolution
		HideSolutionNode = FALSE
	EndGlobalSection
	GlobalSection(ExtensibilityGlobals) = postSolution
		SolutionGuid = {2534EC5B-C43C-4EC3-81E8-0C8712B77C01}
	EndGlobalSection
EndGlobal
